
Microsoft Visual Studio Solution File, Format Version 12.00
# Visual Studio Version 16
VisualStudioVersion = 16.0.32106.194
MinimumVisualStudioVersion = 10.0.40219.1
Project("{FAE04EC0-301F-11D3-BF4B-00C04F79EFBC}") = "EmployeePayroll", "EmployeePayroll\EmployeePayroll.csproj", "{88EAD334-502A-476E-8431-68F1F7614914}"
EndProject
Project("{FAE04EC0-301F-11D3-BF4B-00C04F79EFBC}") = "ManagerLayer", "ManagerLayer\ManagerLayer.csproj", "{3FB2DD5D-D767-4A93-A945-BA6F4674FDCE}"
EndProject
Project("{FAE04EC0-301F-11D3-BF4B-00C04F79EFBC}") = "RepositoryLayer", "RepositoryLayer\RepositoryLayer.csproj", "{AE1E5F3B-7333-456F-9746-B75C13572FB4}"
EndProject
Project("{FAE04EC0-301F-11D3-BF4B-00C04F79EFBC}") = "ModelLayer", "ModelLayer\ModelLayer.csproj", "{A0958392-7266-47C3-977D-BB9136D5F9FF}"
EndProject
Global
	GlobalSection(SolutionConfigurationPlatforms) = preSolution
		Debug|Any CPU = Debug|Any CPU
		Release|Any CPU = Release|Any CPU
	EndGlobalSection
	GlobalSection(ProjectConfigurationPlatforms) = postSolution
		{88EAD334-502A-476E-8431-68F1F7614914}.Debug|Any CPU.ActiveCfg = Debug|Any CPU
		{88EAD334-502A-476E-8431-68F1F7614914}.Debug|Any CPU.Build.0 = Debug|Any CPU
		{88EAD334-502A-476E-8431-68F1F7614914}.Release|Any CPU.ActiveCfg = Release|Any CPU
		{88EAD334-502A-476E-8431-68F1F7614914}.Release|Any CPU.Build.0 = Release|Any CPU
		{3FB2DD5D-D767-4A93-A945-BA6F4674FDCE}.Debug|Any CPU.ActiveCfg = Debug|Any CPU
		{3FB2DD5D-D767-4A93-A945-BA6F4674FDCE}.Debug|Any CPU.Build.0 = Debug|Any CPU
		{3FB2DD5D-D767-4A93-A945-BA6F4674FDCE}.Release|Any CPU.ActiveCfg = Release|Any CPU
		{3FB2DD5D-D767-4A93-A945-BA6F4674FDCE}.Release|Any CPU.Build.0 = Release|Any CPU
		{AE1E5F3B-7333-456F-9746-B75C13572FB4}.Debug|Any CPU.ActiveCfg = Debug|Any CPU
		{AE1E5F3B-7333-456F-9746-B75C13572FB4}.Debug|Any CPU.Build.0 = Debug|Any CPU
		{AE1E5F3B-7333-456F-9746-B75C13572FB4}.Release|Any CPU.ActiveCfg = Release|Any CPU
		{AE1E5F3B-7333-456F-9746-B75C13572FB4}.Release|Any CPU.Build.0 = Release|Any CPU
		{A0958392-7266-47C3-977D-BB9136D5F9FF}.Debug|Any CPU.ActiveCfg = Debug|Any CPU
		{A0958392-7266-47C3-977D-BB9136D5F9FF}.Debug|Any CPU.Build.0 = Debug|Any CPU
		{A0958392-7266-47C3-977D-BB9136D5F9FF}.Release|Any CPU.ActiveCfg = Release|Any CPU
		{A0958392-7266-47C3-977D-BB9136D5F9FF}.Release|Any CPU.Build.0 = Release|Any CPU
	EndGlobalSection
	GlobalSection(SolutionProperties) = preSolution
		HideSolutionNode = FALSE
	EndGlobalSection
	GlobalSection(ExtensibilityGlobals) = postSolution
		SolutionGuid = {5FFCFBE8-5804-4188-B7DA-C95D911F18FE}
	EndGlobalSection
EndGlobal
